
Microsoft Visual Studio Solution File, Format Version 12.00
# Visual Studio Version 16
VisualStudioVersion = 16.0.32126.315
MinimumVisualStudioVersion = 10.0.40219.1
Project("{FAE04EC0-301F-11D3-BF4B-00C04F79EFBC}") = "WpfNaverMovieFinder", "WpfNaverMovieFinder\WpfNaverMovieFinder.csproj", "{8FBBF2C6-25DF-4F3D-8B77-ADA895876414}"
EndProject
Project("{FAE04EC0-301F-11D3-BF4B-00C04F79EFBC}") = "WpfNaverNewsSearch", "WpfNaverNewsSearch\WpfNaverNewsSearch.csproj", "{0BAD38F9-E61C-482E-9D7F-EE9E45A62016}"
EndProject
Global
	GlobalSection(SolutionConfigurationPlatforms) = preSolution
		Debug|Any CPU = Debug|Any CPU
		Release|Any CPU = Release|Any CPU
	EndGlobalSection
	GlobalSection(ProjectConfigurationPlatforms) = postSolution
		{8FBBF2C6-25DF-4F3D-8B77-ADA895876414}.Debug|Any CPU.ActiveCfg = Debug|Any CPU
		{8FBBF2C6-25DF-4F3D-8B77-ADA895876414}.Debug|Any CPU.Build.0 = Debug|Any CPU
		{8FBBF2C6-25DF-4F3D-8B77-ADA895876414}.Release|Any CPU.ActiveCfg = Release|Any CPU
		{8FBBF2C6-25DF-4F3D-8B77-ADA895876414}.Release|Any CPU.Build.0 = Release|Any CPU
		{0BAD38F9-E61C-482E-9D7F-EE9E45A62016}.Debug|Any CPU.ActiveCfg = Debug|Any CPU
		{0BAD38F9-E61C-482E-9D7F-EE9E45A62016}.Debug|Any CPU.Build.0 = Debug|Any CPU
		{0BAD38F9-E61C-482E-9D7F-EE9E45A62016}.Release|Any CPU.ActiveCfg = Release|Any CPU
		{0BAD38F9-E61C-482E-9D7F-EE9E45A62016}.Release|Any CPU.Build.0 = Release|Any CPU
	EndGlobalSection
	GlobalSection(SolutionProperties) = preSolution
		HideSolutionNode = FALSE
	EndGlobalSection
	GlobalSection(ExtensibilityGlobals) = postSolution
		SolutionGuid = {B1445F00-74CF-4691-A087-CDC1AC39F4DA}
	EndGlobalSection
EndGlobal
